
Microsoft Visual Studio Solution File, Format Version 12.00
# Visual Studio Version 17
VisualStudioVersion = 17.1.31903.286
MinimumVisualStudioVersion = 10.0.40219.1
Project("{2150E333-8FDC-42A3-9474-1A3956D46DE8}") = "Services", "Services", "{45D0042E-419B-41F4-95F3-F317060F5527}"
EndProject
Project("{2150E333-8FDC-42A3-9474-1A3956D46DE8}") = "corePackages", "corePackages", "{ED461B72-33EC-4CE6-9006-CC7946C891C7}"
EndProject
Project("{FAE04EC0-301F-11D3-BF4B-00C04F79EFBC}") = "Application", "Application\Application.csproj", "{60A14803-EDEA-403D-A15E-BF3D3ECEDB97}"
EndProject
Project("{FAE04EC0-301F-11D3-BF4B-00C04F79EFBC}") = "Persistence", "Persistence\Persistence.csproj", "{58201C37-96D1-4140-8B1D-D2204291E29E}"
EndProject
Project("{FAE04EC0-301F-11D3-BF4B-00C04F79EFBC}") = "Infrastructure", "Infrastructure\Infrastructure.csproj", "{E777611F-ECB4-49B9-91B0-75C7D1E5760C}"
EndProject
Project("{FAE04EC0-301F-11D3-BF4B-00C04F79EFBC}") = "Domain", "Domain\Domain.csproj", "{AC50A8F6-3190-4A4F-B928-5315F762B675}"
EndProject
Project("{FAE04EC0-301F-11D3-BF4B-00C04F79EFBC}") = "WebAPI", "WebAPI\WebAPI.csproj", "{4B1332E5-DD07-4F61-9E37-B4D1E02CE0A9}"
EndProject
Project("{FAE04EC0-301F-11D3-BF4B-00C04F79EFBC}") = "Core.Application", "Core.Application\Core.Application.csproj", "{5FE87244-9137-4155-B757-5C80F14926A2}"
EndProject
Project("{FAE04EC0-301F-11D3-BF4B-00C04F79EFBC}") = "Core.CrossCuttingConcerns", "Core.CrossCuttingConcerns\Core.CrossCuttingConcerns.csproj", "{29CCA79E-9D91-468F-9E3B-D08119CB9A10}"
EndProject
Project("{FAE04EC0-301F-11D3-BF4B-00C04F79EFBC}") = "Core.Mailing", "Core.Mailing\Core.Mailing.csproj", "{65A569B2-8D78-45D9-9841-641779903ABC}"
EndProject
Project("{FAE04EC0-301F-11D3-BF4B-00C04F79EFBC}") = "Core.Security", "Core.Security\Core.Security.csproj", "{D649F4A7-CF70-4B6B-9EDA-A20180C96A93}"
EndProject
Project("{FAE04EC0-301F-11D3-BF4B-00C04F79EFBC}") = "Core.Persistence", "Core.Persistence\Core.Persistence.csproj", "{6B0B4EE0-9CD6-4F36-AD2F-1B5CF6AEBC57}"
EndProject
Global
	GlobalSection(SolutionConfigurationPlatforms) = preSolution
		Debug|Any CPU = Debug|Any CPU
		Release|Any CPU = Release|Any CPU
	EndGlobalSection
	GlobalSection(ProjectConfigurationPlatforms) = postSolution
		{60A14803-EDEA-403D-A15E-BF3D3ECEDB97}.Debug|Any CPU.ActiveCfg = Debug|Any CPU
		{60A14803-EDEA-403D-A15E-BF3D3ECEDB97}.Debug|Any CPU.Build.0 = Debug|Any CPU
		{60A14803-EDEA-403D-A15E-BF3D3ECEDB97}.Release|Any CPU.ActiveCfg = Release|Any CPU
		{60A14803-EDEA-403D-A15E-BF3D3ECEDB97}.Release|Any CPU.Build.0 = Release|Any CPU
		{58201C37-96D1-4140-8B1D-D2204291E29E}.Debug|Any CPU.ActiveCfg = Debug|Any CPU
		{58201C37-96D1-4140-8B1D-D2204291E29E}.Debug|Any CPU.Build.0 = Debug|Any CPU
		{58201C37-96D1-4140-8B1D-D2204291E29E}.Release|Any CPU.ActiveCfg = Release|Any CPU
		{58201C37-96D1-4140-8B1D-D2204291E29E}.Release|Any CPU.Build.0 = Release|Any CPU
		{E777611F-ECB4-49B9-91B0-75C7D1E5760C}.Debug|Any CPU.ActiveCfg = Debug|Any CPU
		{E777611F-ECB4-49B9-91B0-75C7D1E5760C}.Debug|Any CPU.Build.0 = Debug|Any CPU
		{E777611F-ECB4-49B9-91B0-75C7D1E5760C}.Release|Any CPU.ActiveCfg = Release|Any CPU
		{E777611F-ECB4-49B9-91B0-75C7D1E5760C}.Release|Any CPU.Build.0 = Release|Any CPU
		{AC50A8F6-3190-4A4F-B928-5315F762B675}.Debug|Any CPU.ActiveCfg = Debug|Any CPU
		{AC50A8F6-3190-4A4F-B928-5315F762B675}.Debug|Any CPU.Build.0 = Debug|Any CPU
		{AC50A8F6-3190-4A4F-B928-5315F762B675}.Release|Any CPU.ActiveCfg = Release|Any CPU
		{AC50A8F6-3190-4A4F-B928-5315F762B675}.Release|Any CPU.Build.0 = Release|Any CPU
		{4B1332E5-DD07-4F61-9E37-B4D1E02CE0A9}.Debug|Any CPU.ActiveCfg = Debug|Any CPU
		{4B1332E5-DD07-4F61-9E37-B4D1E02CE0A9}.Debug|Any CPU.Build.0 = Debug|Any CPU
		{4B1332E5-DD07-4F61-9E37-B4D1E02CE0A9}.Release|Any CPU.ActiveCfg = Release|Any CPU
		{4B1332E5-DD07-4F61-9E37-B4D1E02CE0A9}.Release|Any CPU.Build.0 = Release|Any CPU
		{5FE87244-9137-4155-B757-5C80F14926A2}.Debug|Any CPU.ActiveCfg = Debug|Any CPU
		{5FE87244-9137-4155-B757-5C80F14926A2}.Debug|Any CPU.Build.0 = Debug|Any CPU
		{5FE87244-9137-4155-B757-5C80F14926A2}.Release|Any CPU.ActiveCfg = Release|Any CPU
		{5FE87244-9137-4155-B757-5C80F14926A2}.Release|Any CPU.Build.0 = Release|Any CPU
		{29CCA79E-9D91-468F-9E3B-D08119CB9A10}.Debug|Any CPU.ActiveCfg = Debug|Any CPU
		{29CCA79E-9D91-468F-9E3B-D08119CB9A10}.Debug|Any CPU.Build.0 = Debug|Any CPU
		{29CCA79E-9D91-468F-9E3B-D08119CB9A10}.Release|Any CPU.ActiveCfg = Release|Any CPU
		{29CCA79E-9D91-468F-9E3B-D08119CB9A10}.Release|Any CPU.Build.0 = Release|Any CPU
		{65A569B2-8D78-45D9-9841-641779903ABC}.Debug|Any CPU.ActiveCfg = Debug|Any CPU
		{65A569B2-8D78-45D9-9841-641779903ABC}.Debug|Any CPU.Build.0 = Debug|Any CPU
		{65A569B2-8D78-45D9-9841-641779903ABC}.Release|Any CPU.ActiveCfg = Release|Any CPU
		{65A569B2-8D78-45D9-9841-641779903ABC}.Release|Any CPU.Build.0 = Release|Any CPU
		{D649F4A7-CF70-4B6B-9EDA-A20180C96A93}.Debug|Any CPU.ActiveCfg = Debug|Any CPU
		{D649F4A7-CF70-4B6B-9EDA-A20180C96A93}.Debug|Any CPU.Build.0 = Debug|Any CPU
		{D649F4A7-CF70-4B6B-9EDA-A20180C96A93}.Release|Any CPU.ActiveCfg = Release|Any CPU
		{D649F4A7-CF70-4B6B-9EDA-A20180C96A93}.Release|Any CPU.Build.0 = Release|Any CPU
		{6B0B4EE0-9CD6-4F36-AD2F-1B5CF6AEBC57}.Debug|Any CPU.ActiveCfg = Debug|Any CPU
		{6B0B4EE0-9CD6-4F36-AD2F-1B5CF6AEBC57}.Debug|Any CPU.Build.0 = Debug|Any CPU
		{6B0B4EE0-9CD6-4F36-AD2F-1B5CF6AEBC57}.Release|Any CPU.ActiveCfg = Release|Any CPU
		{6B0B4EE0-9CD6-4F36-AD2F-1B5CF6AEBC57}.Release|Any CPU.Build.0 = Release|Any CPU
	EndGlobalSection
	GlobalSection(SolutionProperties) = preSolution
		HideSolutionNode = FALSE
	EndGlobalSection
	GlobalSection(NestedProjects) = preSolution
		{60A14803-EDEA-403D-A15E-BF3D3ECEDB97} = {45D0042E-419B-41F4-95F3-F317060F5527}
		{58201C37-96D1-4140-8B1D-D2204291E29E} = {45D0042E-419B-41F4-95F3-F317060F5527}
		{E777611F-ECB4-49B9-91B0-75C7D1E5760C} = {45D0042E-419B-41F4-95F3-F317060F5527}
		{AC50A8F6-3190-4A4F-B928-5315F762B675} = {45D0042E-419B-41F4-95F3-F317060F5527}
		{4B1332E5-DD07-4F61-9E37-B4D1E02CE0A9} = {45D0042E-419B-41F4-95F3-F317060F5527}
		{5FE87244-9137-4155-B757-5C80F14926A2} = {ED461B72-33EC-4CE6-9006-CC7946C891C7}
		{29CCA79E-9D91-468F-9E3B-D08119CB9A10} = {ED461B72-33EC-4CE6-9006-CC7946C891C7}
		{65A569B2-8D78-45D9-9841-641779903ABC} = {ED461B72-33EC-4CE6-9006-CC7946C891C7}
		{D649F4A7-CF70-4B6B-9EDA-A20180C96A93} = {ED461B72-33EC-4CE6-9006-CC7946C891C7}
		{6B0B4EE0-9CD6-4F36-AD2F-1B5CF6AEBC57} = {ED461B72-33EC-4CE6-9006-CC7946C891C7}
	EndGlobalSection
	GlobalSection(ExtensibilityGlobals) = postSolution
		SolutionGuid = {A9A60F5E-FE2F-4DE9-B310-B9549C853415}
	EndGlobalSection
EndGlobal
