
Microsoft Visual Studio Solution File, Format Version 12.00
# Visual Studio Version 17
VisualStudioVersion = 17.1.31903.286
MinimumVisualStudioVersion = 10.0.40219.1
Project("{2150E333-8FDC-42A3-9474-1A3956D46DE8}") = "corePackages", "corePackages", "{B535383A-29BC-48BE-B1F7-B7FB61CA9CD6}"
EndProject
Project("{FAE04EC0-301F-11D3-BF4B-00C04F79EFBC}") = "Core.Application", "corePackages\Core.Application\Core.Application.csproj", "{5C245F57-F93E-4C62-9A51-07A0F2CF435B}"
EndProject
Project("{FAE04EC0-301F-11D3-BF4B-00C04F79EFBC}") = "Core.CrossCuttingConcerns", "corePackages\Core.CrossCuttingConcerns\Core.CrossCuttingConcerns.csproj", "{5B996B77-B6AF-4A45-A989-4C8314039356}"
EndProject
Project("{FAE04EC0-301F-11D3-BF4B-00C04F79EFBC}") = "Core.Persistence", "corePackages\Core.Persistence\Core.Persistence.csproj", "{0A500EC3-F22B-43CD-BB9A-D901A3598D9F}"
EndProject
Project("{FAE04EC0-301F-11D3-BF4B-00C04F79EFBC}") = "Core.Mailing", "corePackages\Core.Mailing\Core.Mailing.csproj", "{A9854FDB-A02F-49BF-B34B-A66F5B13E22E}"
EndProject
Project("{FAE04EC0-301F-11D3-BF4B-00C04F79EFBC}") = "Core.Security", "corePackages\Core.Security\Core.Security.csproj", "{9E9AA8A2-696F-49DB-AD35-8E840D2A6B4B}"
EndProject
Project("{2150E333-8FDC-42A3-9474-1A3956D46DE8}") = "services", "services", "{035629C1-543D-4ED2-A859-61E57034E044}"
EndProject
Project("{FAE04EC0-301F-11D3-BF4B-00C04F79EFBC}") = "Application", "services\Application\Application.csproj", "{E10D54C4-2F50-4642-94A8-65C0D6BD957A}"
EndProject
Project("{FAE04EC0-301F-11D3-BF4B-00C04F79EFBC}") = "Domain", "services\Domain\Domain.csproj", "{9DF211AF-C79B-49FA-AE40-595F8C7016D0}"
EndProject
Project("{FAE04EC0-301F-11D3-BF4B-00C04F79EFBC}") = "Infrastructure", "services\Infrastructure\Infrastructure.csproj", "{179CCBD9-4DAB-4724-A755-4974F1A2BA4A}"
EndProject
Project("{FAE04EC0-301F-11D3-BF4B-00C04F79EFBC}") = "Persistence", "services\Persistence\Persistence.csproj", "{8FF1E1CC-E3F2-4D87-AFE8-B7107CEDED32}"
EndProject
Project("{FAE04EC0-301F-11D3-BF4B-00C04F79EFBC}") = "WebAPI", "services\WebAPI\WebAPI.csproj", "{3D4A2A6F-2349-4271-8033-D3552E97E9A6}"
EndProject
Global
	GlobalSection(SolutionProperties) = preSolution
		HideSolutionNode = FALSE
	EndGlobalSection
	GlobalSection(ExtensibilityGlobals) = postSolution
		SolutionGuid = {A9A60F5E-FE2F-4DE9-B310-B9549C853415}
	EndGlobalSection
	GlobalSection(SolutionConfigurationPlatforms) = preSolution
		Debug|Any CPU = Debug|Any CPU
		Debug|x64 = Debug|x64
		Debug|x86 = Debug|x86
		Release|Any CPU = Release|Any CPU
		Release|x64 = Release|x64
		Release|x86 = Release|x86
	EndGlobalSection
	GlobalSection(ProjectConfigurationPlatforms) = postSolution
		{5C245F57-F93E-4C62-9A51-07A0F2CF435B}.Debug|Any CPU.ActiveCfg = Debug|Any CPU
		{5C245F57-F93E-4C62-9A51-07A0F2CF435B}.Debug|Any CPU.Build.0 = Debug|Any CPU
		{5C245F57-F93E-4C62-9A51-07A0F2CF435B}.Debug|x64.ActiveCfg = Debug|Any CPU
		{5C245F57-F93E-4C62-9A51-07A0F2CF435B}.Debug|x64.Build.0 = Debug|Any CPU
		{5C245F57-F93E-4C62-9A51-07A0F2CF435B}.Debug|x86.ActiveCfg = Debug|Any CPU
		{5C245F57-F93E-4C62-9A51-07A0F2CF435B}.Debug|x86.Build.0 = Debug|Any CPU
		{5C245F57-F93E-4C62-9A51-07A0F2CF435B}.Release|Any CPU.ActiveCfg = Release|Any CPU
		{5C245F57-F93E-4C62-9A51-07A0F2CF435B}.Release|Any CPU.Build.0 = Release|Any CPU
		{5C245F57-F93E-4C62-9A51-07A0F2CF435B}.Release|x64.ActiveCfg = Release|Any CPU
		{5C245F57-F93E-4C62-9A51-07A0F2CF435B}.Release|x64.Build.0 = Release|Any CPU
		{5C245F57-F93E-4C62-9A51-07A0F2CF435B}.Release|x86.ActiveCfg = Release|Any CPU
		{5C245F57-F93E-4C62-9A51-07A0F2CF435B}.Release|x86.Build.0 = Release|Any CPU
		{5B996B77-B6AF-4A45-A989-4C8314039356}.Debug|Any CPU.ActiveCfg = Debug|Any CPU
		{5B996B77-B6AF-4A45-A989-4C8314039356}.Debug|Any CPU.Build.0 = Debug|Any CPU
		{5B996B77-B6AF-4A45-A989-4C8314039356}.Debug|x64.ActiveCfg = Debug|Any CPU
		{5B996B77-B6AF-4A45-A989-4C8314039356}.Debug|x64.Build.0 = Debug|Any CPU
		{5B996B77-B6AF-4A45-A989-4C8314039356}.Debug|x86.ActiveCfg = Debug|Any CPU
		{5B996B77-B6AF-4A45-A989-4C8314039356}.Debug|x86.Build.0 = Debug|Any CPU
		{5B996B77-B6AF-4A45-A989-4C8314039356}.Release|Any CPU.ActiveCfg = Release|Any CPU
		{5B996B77-B6AF-4A45-A989-4C8314039356}.Release|Any CPU.Build.0 = Release|Any CPU
		{5B996B77-B6AF-4A45-A989-4C8314039356}.Release|x64.ActiveCfg = Release|Any CPU
		{5B996B77-B6AF-4A45-A989-4C8314039356}.Release|x64.Build.0 = Release|Any CPU
		{5B996B77-B6AF-4A45-A989-4C8314039356}.Release|x86.ActiveCfg = Release|Any CPU
		{5B996B77-B6AF-4A45-A989-4C8314039356}.Release|x86.Build.0 = Release|Any CPU
		{0A500EC3-F22B-43CD-BB9A-D901A3598D9F}.Debug|Any CPU.ActiveCfg = Debug|Any CPU
		{0A500EC3-F22B-43CD-BB9A-D901A3598D9F}.Debug|Any CPU.Build.0 = Debug|Any CPU
		{0A500EC3-F22B-43CD-BB9A-D901A3598D9F}.Debug|x64.ActiveCfg = Debug|Any CPU
		{0A500EC3-F22B-43CD-BB9A-D901A3598D9F}.Debug|x64.Build.0 = Debug|Any CPU
		{0A500EC3-F22B-43CD-BB9A-D901A3598D9F}.Debug|x86.ActiveCfg = Debug|Any CPU
		{0A500EC3-F22B-43CD-BB9A-D901A3598D9F}.Debug|x86.Build.0 = Debug|Any CPU
		{0A500EC3-F22B-43CD-BB9A-D901A3598D9F}.Release|Any CPU.ActiveCfg = Release|Any CPU
		{0A500EC3-F22B-43CD-BB9A-D901A3598D9F}.Release|Any CPU.Build.0 = Release|Any CPU
		{0A500EC3-F22B-43CD-BB9A-D901A3598D9F}.Release|x64.ActiveCfg = Release|Any CPU
		{0A500EC3-F22B-43CD-BB9A-D901A3598D9F}.Release|x64.Build.0 = Release|Any CPU
		{0A500EC3-F22B-43CD-BB9A-D901A3598D9F}.Release|x86.ActiveCfg = Release|Any CPU
		{0A500EC3-F22B-43CD-BB9A-D901A3598D9F}.Release|x86.Build.0 = Release|Any CPU
		{A9854FDB-A02F-49BF-B34B-A66F5B13E22E}.Debug|Any CPU.ActiveCfg = Debug|Any CPU
		{A9854FDB-A02F-49BF-B34B-A66F5B13E22E}.Debug|Any CPU.Build.0 = Debug|Any CPU
		{A9854FDB-A02F-49BF-B34B-A66F5B13E22E}.Debug|x64.ActiveCfg = Debug|Any CPU
		{A9854FDB-A02F-49BF-B34B-A66F5B13E22E}.Debug|x64.Build.0 = Debug|Any CPU
		{A9854FDB-A02F-49BF-B34B-A66F5B13E22E}.Debug|x86.ActiveCfg = Debug|Any CPU
		{A9854FDB-A02F-49BF-B34B-A66F5B13E22E}.Debug|x86.Build.0 = Debug|Any CPU
		{A9854FDB-A02F-49BF-B34B-A66F5B13E22E}.Release|Any CPU.ActiveCfg = Release|Any CPU
		{A9854FDB-A02F-49BF-B34B-A66F5B13E22E}.Release|Any CPU.Build.0 = Release|Any CPU
		{A9854FDB-A02F-49BF-B34B-A66F5B13E22E}.Release|x64.ActiveCfg = Release|Any CPU
		{A9854FDB-A02F-49BF-B34B-A66F5B13E22E}.Release|x64.Build.0 = Release|Any CPU
		{A9854FDB-A02F-49BF-B34B-A66F5B13E22E}.Release|x86.ActiveCfg = Release|Any CPU
		{A9854FDB-A02F-49BF-B34B-A66F5B13E22E}.Release|x86.Build.0 = Release|Any CPU
		{9E9AA8A2-696F-49DB-AD35-8E840D2A6B4B}.Debug|Any CPU.ActiveCfg = Debug|Any CPU
		{9E9AA8A2-696F-49DB-AD35-8E840D2A6B4B}.Debug|Any CPU.Build.0 = Debug|Any CPU
		{9E9AA8A2-696F-49DB-AD35-8E840D2A6B4B}.Debug|x64.ActiveCfg = Debug|Any CPU
		{9E9AA8A2-696F-49DB-AD35-8E840D2A6B4B}.Debug|x64.Build.0 = Debug|Any CPU
		{9E9AA8A2-696F-49DB-AD35-8E840D2A6B4B}.Debug|x86.ActiveCfg = Debug|Any CPU
		{9E9AA8A2-696F-49DB-AD35-8E840D2A6B4B}.Debug|x86.Build.0 = Debug|Any CPU
		{9E9AA8A2-696F-49DB-AD35-8E840D2A6B4B}.Release|Any CPU.ActiveCfg = Release|Any CPU
		{9E9AA8A2-696F-49DB-AD35-8E840D2A6B4B}.Release|Any CPU.Build.0 = Release|Any CPU
		{9E9AA8A2-696F-49DB-AD35-8E840D2A6B4B}.Release|x64.ActiveCfg = Release|Any CPU
		{9E9AA8A2-696F-49DB-AD35-8E840D2A6B4B}.Release|x64.Build.0 = Release|Any CPU
		{9E9AA8A2-696F-49DB-AD35-8E840D2A6B4B}.Release|x86.ActiveCfg = Release|Any CPU
		{9E9AA8A2-696F-49DB-AD35-8E840D2A6B4B}.Release|x86.Build.0 = Release|Any CPU
		{E10D54C4-2F50-4642-94A8-65C0D6BD957A}.Debug|Any CPU.ActiveCfg = Debug|Any CPU
		{E10D54C4-2F50-4642-94A8-65C0D6BD957A}.Debug|Any CPU.Build.0 = Debug|Any CPU
		{E10D54C4-2F50-4642-94A8-65C0D6BD957A}.Debug|x64.ActiveCfg = Debug|Any CPU
		{E10D54C4-2F50-4642-94A8-65C0D6BD957A}.Debug|x64.Build.0 = Debug|Any CPU
		{E10D54C4-2F50-4642-94A8-65C0D6BD957A}.Debug|x86.ActiveCfg = Debug|Any CPU
		{E10D54C4-2F50-4642-94A8-65C0D6BD957A}.Debug|x86.Build.0 = Debug|Any CPU
		{E10D54C4-2F50-4642-94A8-65C0D6BD957A}.Release|Any CPU.ActiveCfg = Release|Any CPU
		{E10D54C4-2F50-4642-94A8-65C0D6BD957A}.Release|Any CPU.Build.0 = Release|Any CPU
		{E10D54C4-2F50-4642-94A8-65C0D6BD957A}.Release|x64.ActiveCfg = Release|Any CPU
		{E10D54C4-2F50-4642-94A8-65C0D6BD957A}.Release|x64.Build.0 = Release|Any CPU
		{E10D54C4-2F50-4642-94A8-65C0D6BD957A}.Release|x86.ActiveCfg = Release|Any CPU
		{E10D54C4-2F50-4642-94A8-65C0D6BD957A}.Release|x86.Build.0 = Release|Any CPU
		{9DF211AF-C79B-49FA-AE40-595F8C7016D0}.Debug|Any CPU.ActiveCfg = Debug|Any CPU
		{9DF211AF-C79B-49FA-AE40-595F8C7016D0}.Debug|Any CPU.Build.0 = Debug|Any CPU
		{9DF211AF-C79B-49FA-AE40-595F8C7016D0}.Debug|x64.ActiveCfg = Debug|Any CPU
		{9DF211AF-C79B-49FA-AE40-595F8C7016D0}.Debug|x64.Build.0 = Debug|Any CPU
		{9DF211AF-C79B-49FA-AE40-595F8C7016D0}.Debug|x86.ActiveCfg = Debug|Any CPU
		{9DF211AF-C79B-49FA-AE40-595F8C7016D0}.Debug|x86.Build.0 = Debug|Any CPU
		{9DF211AF-C79B-49FA-AE40-595F8C7016D0}.Release|Any CPU.ActiveCfg = Release|Any CPU
		{9DF211AF-C79B-49FA-AE40-595F8C7016D0}.Release|Any CPU.Build.0 = Release|Any CPU
		{9DF211AF-C79B-49FA-AE40-595F8C7016D0}.Release|x64.ActiveCfg = Release|Any CPU
		{9DF211AF-C79B-49FA-AE40-595F8C7016D0}.Release|x64.Build.0 = Release|Any CPU
		{9DF211AF-C79B-49FA-AE40-595F8C7016D0}.Release|x86.ActiveCfg = Release|Any CPU
		{9DF211AF-C79B-49FA-AE40-595F8C7016D0}.Release|x86.Build.0 = Release|Any CPU
		{179CCBD9-4DAB-4724-A755-4974F1A2BA4A}.Debug|Any CPU.ActiveCfg = Debug|Any CPU
		{179CCBD9-4DAB-4724-A755-4974F1A2BA4A}.Debug|Any CPU.Build.0 = Debug|Any CPU
		{179CCBD9-4DAB-4724-A755-4974F1A2BA4A}.Debug|x64.ActiveCfg = Debug|Any CPU
		{179CCBD9-4DAB-4724-A755-4974F1A2BA4A}.Debug|x64.Build.0 = Debug|Any CPU
		{179CCBD9-4DAB-4724-A755-4974F1A2BA4A}.Debug|x86.ActiveCfg = Debug|Any CPU
		{179CCBD9-4DAB-4724-A755-4974F1A2BA4A}.Debug|x86.Build.0 = Debug|Any CPU
		{179CCBD9-4DAB-4724-A755-4974F1A2BA4A}.Release|Any CPU.ActiveCfg = Release|Any CPU
		{179CCBD9-4DAB-4724-A755-4974F1A2BA4A}.Release|Any CPU.Build.0 = Release|Any CPU
		{179CCBD9-4DAB-4724-A755-4974F1A2BA4A}.Release|x64.ActiveCfg = Release|Any CPU
		{179CCBD9-4DAB-4724-A755-4974F1A2BA4A}.Release|x64.Build.0 = Release|Any CPU
		{179CCBD9-4DAB-4724-A755-4974F1A2BA4A}.Release|x86.ActiveCfg = Release|Any CPU
		{179CCBD9-4DAB-4724-A755-4974F1A2BA4A}.Release|x86.Build.0 = Release|Any CPU
		{8FF1E1CC-E3F2-4D87-AFE8-B7107CEDED32}.Debug|Any CPU.ActiveCfg = Debug|Any CPU
		{8FF1E1CC-E3F2-4D87-AFE8-B7107CEDED32}.Debug|Any CPU.Build.0 = Debug|Any CPU
		{8FF1E1CC-E3F2-4D87-AFE8-B7107CEDED32}.Debug|x64.ActiveCfg = Debug|Any CPU
		{8FF1E1CC-E3F2-4D87-AFE8-B7107CEDED32}.Debug|x64.Build.0 = Debug|Any CPU
		{8FF1E1CC-E3F2-4D87-AFE8-B7107CEDED32}.Debug|x86.ActiveCfg = Debug|Any CPU
		{8FF1E1CC-E3F2-4D87-AFE8-B7107CEDED32}.Debug|x86.Build.0 = Debug|Any CPU
		{8FF1E1CC-E3F2-4D87-AFE8-B7107CEDED32}.Release|Any CPU.ActiveCfg = Release|Any CPU
		{8FF1E1CC-E3F2-4D87-AFE8-B7107CEDED32}.Release|Any CPU.Build.0 = Release|Any CPU
		{8FF1E1CC-E3F2-4D87-AFE8-B7107CEDED32}.Release|x64.ActiveCfg = Release|Any CPU
		{8FF1E1CC-E3F2-4D87-AFE8-B7107CEDED32}.Release|x64.Build.0 = Release|Any CPU
		{8FF1E1CC-E3F2-4D87-AFE8-B7107CEDED32}.Release|x86.ActiveCfg = Release|Any CPU
		{8FF1E1CC-E3F2-4D87-AFE8-B7107CEDED32}.Release|x86.Build.0 = Release|Any CPU
		{3D4A2A6F-2349-4271-8033-D3552E97E9A6}.Debug|Any CPU.ActiveCfg = Debug|Any CPU
		{3D4A2A6F-2349-4271-8033-D3552E97E9A6}.Debug|Any CPU.Build.0 = Debug|Any CPU
		{3D4A2A6F-2349-4271-8033-D3552E97E9A6}.Debug|x64.ActiveCfg = Debug|Any CPU
		{3D4A2A6F-2349-4271-8033-D3552E97E9A6}.Debug|x64.Build.0 = Debug|Any CPU
		{3D4A2A6F-2349-4271-8033-D3552E97E9A6}.Debug|x86.ActiveCfg = Debug|Any CPU
		{3D4A2A6F-2349-4271-8033-D3552E97E9A6}.Debug|x86.Build.0 = Debug|Any CPU
		{3D4A2A6F-2349-4271-8033-D3552E97E9A6}.Release|Any CPU.ActiveCfg = Release|Any CPU
		{3D4A2A6F-2349-4271-8033-D3552E97E9A6}.Release|Any CPU.Build.0 = Release|Any CPU
		{3D4A2A6F-2349-4271-8033-D3552E97E9A6}.Release|x64.ActiveCfg = Release|Any CPU
		{3D4A2A6F-2349-4271-8033-D3552E97E9A6}.Release|x64.Build.0 = Release|Any CPU
		{3D4A2A6F-2349-4271-8033-D3552E97E9A6}.Release|x86.ActiveCfg = Release|Any CPU
		{3D4A2A6F-2349-4271-8033-D3552E97E9A6}.Release|x86.Build.0 = Release|Any CPU
	EndGlobalSection
	GlobalSection(NestedProjects) = preSolution
		{5C245F57-F93E-4C62-9A51-07A0F2CF435B} = {B535383A-29BC-48BE-B1F7-B7FB61CA9CD6}
		{5B996B77-B6AF-4A45-A989-4C8314039356} = {B535383A-29BC-48BE-B1F7-B7FB61CA9CD6}
		{0A500EC3-F22B-43CD-BB9A-D901A3598D9F} = {B535383A-29BC-48BE-B1F7-B7FB61CA9CD6}
		{A9854FDB-A02F-49BF-B34B-A66F5B13E22E} = {B535383A-29BC-48BE-B1F7-B7FB61CA9CD6}
		{9E9AA8A2-696F-49DB-AD35-8E840D2A6B4B} = {B535383A-29BC-48BE-B1F7-B7FB61CA9CD6}
		{E10D54C4-2F50-4642-94A8-65C0D6BD957A} = {035629C1-543D-4ED2-A859-61E57034E044}
		{9DF211AF-C79B-49FA-AE40-595F8C7016D0} = {035629C1-543D-4ED2-A859-61E57034E044}
		{179CCBD9-4DAB-4724-A755-4974F1A2BA4A} = {035629C1-543D-4ED2-A859-61E57034E044}
		{8FF1E1CC-E3F2-4D87-AFE8-B7107CEDED32} = {035629C1-543D-4ED2-A859-61E57034E044}
		{3D4A2A6F-2349-4271-8033-D3552E97E9A6} = {035629C1-543D-4ED2-A859-61E57034E044}
	EndGlobalSection
EndGlobal
